
Microsoft Visual Studio Solution File, Format Version 12.00
# Visual Studio 2013
VisualStudioVersion = 12.0.21005.1
MinimumVisualStudioVersion = 10.0.40219.1
Project("{FAE04EC0-301F-11D3-BF4B-00C04F79EFBC}") = "GameLauncher", "GameLauncher\GameLauncher.csproj", "{EA7991FF-68B4-402D-8C28-B9167000851F}"
EndProject
Project("{FAE04EC0-301F-11D3-BF4B-00C04F79EFBC}") = "GameLauncher.Tests", "GameLauncher.Tests\GameLauncher.Tests.csproj", "{792380DF-5F66-457E-9768-0D9028C91DEE}"
EndProject
Global
	GlobalSection(SolutionConfigurationPlatforms) = preSolution
		Debug|Any CPU = Debug|Any CPU
		Release|Any CPU = Release|Any CPU
	EndGlobalSection
	GlobalSection(ProjectConfigurationPlatforms) = postSolution
		{EA7991FF-68B4-402D-8C28-B9167000851F}.Debug|Any CPU.ActiveCfg = Debug|Any CPU
		{EA7991FF-68B4-402D-8C28-B9167000851F}.Debug|Any CPU.Build.0 = Debug|Any CPU
		{EA7991FF-68B4-402D-8C28-B9167000851F}.Release|Any CPU.ActiveCfg = Release|Any CPU
		{EA7991FF-68B4-402D-8C28-B9167000851F}.Release|Any CPU.Build.0 = Release|Any CPU
		{792380DF-5F66-457E-9768-0D9028C91DEE}.Debug|Any CPU.ActiveCfg = Debug|Any CPU
		{792380DF-5F66-457E-9768-0D9028C91DEE}.Debug|Any CPU.Build.0 = Debug|Any CPU
		{792380DF-5F66-457E-9768-0D9028C91DEE}.Release|Any CPU.ActiveCfg = Release|Any CPU
		{792380DF-5F66-457E-9768-0D9028C91DEE}.Release|Any CPU.Build.0 = Release|Any CPU
	EndGlobalSection
	GlobalSection(SolutionProperties) = preSolution
		HideSolutionNode = FALSE
	EndGlobalSection
EndGlobal
